
Microsoft Visual Studio Solution File, Format Version 12.00
# Visual Studio Version 16
VisualStudioVersion = 16.0.30907.101
MinimumVisualStudioVersion = 10.0.40219.1
Project("{FAE04EC0-301F-11D3-BF4B-00C04F79EFBC}") = "UongHoangAnh_06", "UongHoangAnh_06.csproj", "{394D09C5-B1E6-4EA4-9727-FA0D311D6103}"
EndProject
Global
	GlobalSection(SolutionConfigurationPlatforms) = preSolution
		Debug|Any CPU = Debug|Any CPU
		Release|Any CPU = Release|Any CPU
	EndGlobalSection
	GlobalSection(ProjectConfigurationPlatforms) = postSolution
		{394D09C5-B1E6-4EA4-9727-FA0D311D6103}.Debug|Any CPU.ActiveCfg = Debug|Any CPU
		{394D09C5-B1E6-4EA4-9727-FA0D311D6103}.Debug|Any CPU.Build.0 = Debug|Any CPU
		{394D09C5-B1E6-4EA4-9727-FA0D311D6103}.Release|Any CPU.ActiveCfg = Release|Any CPU
		{394D09C5-B1E6-4EA4-9727-FA0D311D6103}.Release|Any CPU.Build.0 = Release|Any CPU
	EndGlobalSection
	GlobalSection(SolutionProperties) = preSolution
		HideSolutionNode = FALSE
	EndGlobalSection
	GlobalSection(ExtensibilityGlobals) = postSolution
		SolutionGuid = {BB4A1C1D-DAC7-4949-81FE-042A377EA3A4}
	EndGlobalSection
EndGlobal
